
Microsoft Visual Studio Solution File, Format Version 12.00
# Visual Studio 15
VisualStudioVersion = 15.0.28307.1000
MinimumVisualStudioVersion = 10.0.40219.1
Project("{8BC9CEB8-8B4A-11D0-8D11-00A0C91BC942}") = "远程教学1", "RemoteTeaching1-巩固重点\RemoteTeaching1-巩固重点.vcxproj", "{47B4021B-753D-47B9-9614-1A669C1E4614}"
EndProject
Global
	GlobalSection(SolutionConfigurationPlatforms) = preSolution
		Debug|x64 = Debug|x64
		Debug|x86 = Debug|x86
		Release|x64 = Release|x64
		Release|x86 = Release|x86
	EndGlobalSection
	GlobalSection(ProjectConfigurationPlatforms) = postSolution
		{47B4021B-753D-47B9-9614-1A669C1E4614}.Debug|x64.ActiveCfg = Debug|x64
		{47B4021B-753D-47B9-9614-1A669C1E4614}.Debug|x64.Build.0 = Debug|x64
		{47B4021B-753D-47B9-9614-1A669C1E4614}.Debug|x86.ActiveCfg = Debug|Win32
		{47B4021B-753D-47B9-9614-1A669C1E4614}.Debug|x86.Build.0 = Debug|Win32
		{47B4021B-753D-47B9-9614-1A669C1E4614}.Release|x64.ActiveCfg = Release|x64
		{47B4021B-753D-47B9-9614-1A669C1E4614}.Release|x64.Build.0 = Release|x64
		{47B4021B-753D-47B9-9614-1A669C1E4614}.Release|x86.ActiveCfg = Release|Win32
		{47B4021B-753D-47B9-9614-1A669C1E4614}.Release|x86.Build.0 = Release|Win32
	EndGlobalSection
	GlobalSection(SolutionProperties) = preSolution
		HideSolutionNode = FALSE
	EndGlobalSection
	GlobalSection(ExtensibilityGlobals) = postSolution
		SolutionGuid = {7FDDEBC2-1A12-42F7-9A80-7FB2B23F8161}
	EndGlobalSection
EndGlobal
